
Microsoft Visual Studio Solution File, Format Version 12.00
# Visual Studio Version 17
VisualStudioVersion = 17.0.32112.339
MinimumVisualStudioVersion = 10.0.40219.1
Project("{FAE04EC0-301F-11D3-BF4B-00C04F79EFBC}") = "TestProject", "TestProject.csproj", "{E5534C99-442C-46CD-8F96-983134893386}"
EndProject
Global
	GlobalSection(SolutionConfigurationPlatforms) = preSolution
		Debug|Any CPU = Debug|Any CPU
		Release|Any CPU = Release|Any CPU
	EndGlobalSection
	GlobalSection(ProjectConfigurationPlatforms) = postSolution
		{E5534C99-442C-46CD-8F96-983134893386}.Debug|Any CPU.ActiveCfg = Debug|Any CPU
		{E5534C99-442C-46CD-8F96-983134893386}.Debug|Any CPU.Build.0 = Debug|Any CPU
		{E5534C99-442C-46CD-8F96-983134893386}.Release|Any CPU.ActiveCfg = Release|Any CPU
		{E5534C99-442C-46CD-8F96-983134893386}.Release|Any CPU.Build.0 = Release|Any CPU
	EndGlobalSection
	GlobalSection(SolutionProperties) = preSolution
		HideSolutionNode = FALSE
	EndGlobalSection
	GlobalSection(ExtensibilityGlobals) = postSolution
		SolutionGuid = {7E8113E0-3814-4797-A1EC-6E4470B3A9E8}
	EndGlobalSection
EndGlobal
